// !$*UTF8*$!
{
	archiveVersion = 1;
	classes = {
	};
	objectVersion = 50;
	objects = {

/* Begin PBXBuildFile section */
		18039DF624D25CF800D73B50 /* AboutViewController.m in Sources */ = {isa = PBXBuildFile; fileRef = 18039DF524D25CF700D73B50 /* AboutViewController.m */; };
		18039DF824D25E4500D73B50 /* about.txt in Resources */ = {isa = PBXBuildFile; fileRef = 18039DF724D25D8500D73B50 /* about.txt */; };
		1824ED3424D3EE7B000A6053 /* RuntimeViewController.m in Sources */ = {isa = PBXBuildFile; fileRef = 1824ED3324D3EE7B000A6053 /* RuntimeViewController.m */; };
		1824ED3824D3EEBD000A6053 /* TextViewController.m in Sources */ = {isa = PBXBuildFile; fileRef = 1824ED3724D3EEBD000A6053 /* TextViewController.m */; };
		1824ED3C24D3F09D000A6053 /* RunloopViewController.m in Sources */ = {isa = PBXBuildFile; fileRef = 1824ED3B24D3F09D000A6053 /* RunloopViewController.m */; };
		1824ED3D24D3F0DB000A6053 /* runloop.txt in Resources */ = {isa = PBXBuildFile; fileRef = 1824ED3924D3F083000A6053 /* runloop.txt */; };
		1824ED3E24D3F0E1000A6053 /* runtime.txt in Resources */ = {isa = PBXBuildFile; fileRef = 1824ED3524D3EE92000A6053 /* runtime.txt */; };
		18E4201724D10F4E00D1E3D8 /* AppDelegate.m in Sources */ = {isa = PBXBuildFile; fileRef = 18E4201624D10F4E00D1E3D8 /* AppDelegate.m */; };
		18E4201A24D10F4E00D1E3D8 /* SceneDelegate.m in Sources */ = {isa = PBXBuildFile; fileRef = 18E4201924D10F4E00D1E3D8 /* SceneDelegate.m */; };
		18E4201D24D10F4E00D1E3D8 /* ViewController.m in Sources */ = {isa = PBXBuildFile; fileRef = 18E4201C24D10F4E00D1E3D8 /* ViewController.m */; };
		18E4202024D10F4E00D1E3D8 /* Main.storyboard in Resources */ = {isa = PBXBuildFile; fileRef = 18E4201E24D10F4E00D1E3D8 /* Main.storyboard */; };
		18E4202224D10F5000D1E3D8 /* Assets.xcassets in Resources */ = {isa = PBXBuildFile; fileRef = 18E4202124D10F5000D1E3D8 /* Assets.xcassets */; };
		18E4202524D10F5000D1E3D8 /* LaunchScreen.storyboard in Resources */ = {isa = PBXBuildFile; fileRef = 18E4202324D10F5000D1E3D8 /* LaunchScreen.storyboard */; };
		18E4202824D10F5000D1E3D8 /* main.m in Sources */ = {isa = PBXBuildFile; fileRef = 18E4202724D10F5000D1E3D8 /* main.m */; };
		18E4203424D1134F00D1E3D8 /* AsyncConViewController.m in Sources */ = {isa = PBXBuildFile; fileRef = 18E4203324D1134F00D1E3D8 /* AsyncConViewController.m */; };
		18E4203724D1139600D1E3D8 /* ProgressView.m in Sources */ = {isa = PBXBuildFile; fileRef = 18E4203624D1139600D1E3D8 /* ProgressView.m */; };
		18E4203D24D1260F00D1E3D8 /* SegmentedControl.m in Sources */ = {isa = PBXBuildFile; fileRef = 18E4203C24D1260E00D1E3D8 /* SegmentedControl.m */; };
		18E4204024D158D800D1E3D8 /* BarrierViewController.m in Sources */ = {isa = PBXBuildFile; fileRef = 18E4203F24D158D800D1E3D8 /* BarrierViewController.m */; };
		18E4204724D15E1100D1E3D8 /* GroupNotifyViewController.m in Sources */ = {isa = PBXBuildFile; fileRef = 18E4204624D15E1100D1E3D8 /* GroupNotifyViewController.m */; };
		18E4204A24D161C700D1E3D8 /* GroupWaitViewController.m in Sources */ = {isa = PBXBuildFile; fileRef = 18E4204924D161C700D1E3D8 /* GroupWaitViewController.m */; };
		18E4204D24D1635600D1E3D8 /* SemaphoreViewController.m in Sources */ = {isa = PBXBuildFile; fileRef = 18E4204C24D1635600D1E3D8 /* SemaphoreViewController.m */; };
/* End PBXBuildFile section */

/* Begin PBXFileReference section */
		18039DF424D25CF700D73B50 /* AboutViewController.h */ = {isa = PBXFileReference; lastKnownFileType = sourcecode.c.h; path = AboutViewController.h; sourceTree = "<group>"; };
		18039DF524D25CF700D73B50 /* AboutViewController.m */ = {isa = PBXFileReference; lastKnownFileType = sourcecode.c.objc; path = AboutViewController.m; sourceTree = "<group>"; };
		18039DF724D25D8500D73B50 /* about.txt */ = {isa = PBXFileReference; lastKnownFileType = text; path = about.txt; sourceTree = "<group>"; };
		1824ED3224D3EE7B000A6053 /* RuntimeViewController.h */ = {isa = PBXFileReference; lastKnownFileType = sourcecode.c.h; path = RuntimeViewController.h; sourceTree = "<group>"; };
		1824ED3324D3EE7B000A6053 /* RuntimeViewController.m */ = {isa = PBXFileReference; lastKnownFileType = sourcecode.c.objc; path = RuntimeViewController.m; sourceTree = "<group>"; };
		1824ED3524D3EE92000A6053 /* runtime.txt */ = {isa = PBXFileReference; lastKnownFileType = text; path = runtime.txt; sourceTree = "<group>"; };
		1824ED3624D3EEBD000A6053 /* TextViewController.h */ = {isa = PBXFileReference; lastKnownFileType = sourcecode.c.h; path = TextViewController.h; sourceTree = "<group>"; };
		1824ED3724D3EEBD000A6053 /* TextViewController.m */ = {isa = PBXFileReference; lastKnownFileType = sourcecode.c.objc; path = TextViewController.m; sourceTree = "<group>"; };
		1824ED3924D3F083000A6053 /* runloop.txt */ = {isa = PBXFileReference; lastKnownFileType = text; path = runloop.txt; sourceTree = "<group>"; };
		1824ED3A24D3F09D000A6053 /* RunloopViewController.h */ = {isa = PBXFileReference; lastKnownFileType = sourcecode.c.h; path = RunloopViewController.h; sourceTree = "<group>"; };
		1824ED3B24D3F09D000A6053 /* RunloopViewController.m */ = {isa = PBXFileReference; lastKnownFileType = sourcecode.c.objc; path = RunloopViewController.m; sourceTree = "<group>"; };
		18E4201224D10F4E00D1E3D8 /* GCD_Demo.app */ = {isa = PBXFileReference; explicitFileType = wrapper.application; includeInIndex = 0; path = GCD_Demo.app; sourceTree = BUILT_PRODUCTS_DIR; };
		18E4201524D10F4E00D1E3D8 /* AppDelegate.h */ = {isa = PBXFileReference; lastKnownFileType = sourcecode.c.h; path = AppDelegate.h; sourceTree = "<group>"; };
		18E4201624D10F4E00D1E3D8 /* AppDelegate.m */ = {isa = PBXFileReference; lastKnownFileType = sourcecode.c.objc; path = AppDelegate.m; sourceTree = "<group>"; };
		18E4201824D10F4E00D1E3D8 /* SceneDelegate.h */ = {isa = PBXFileReference; lastKnownFileType = sourcecode.c.h; path = SceneDelegate.h; sourceTree = "<group>"; };
		18E4201924D10F4E00D1E3D8 /* SceneDelegate.m */ = {isa = PBXFileReference; lastKnownFileType = sourcecode.c.objc; path = SceneDelegate.m; sourceTree = "<group>"; };
		18E4201B24D10F4E00D1E3D8 /* ViewController.h */ = {isa = PBXFileReference; lastKnownFileType = sourcecode.c.h; path = ViewController.h; sourceTree = "<group>"; };
		18E4201C24D10F4E00D1E3D8 /* ViewController.m */ = {isa = PBXFileReference; lastKnownFileType = sourcecode.c.objc; path = ViewController.m; sourceTree = "<group>"; };
		18E4201F24D10F4E00D1E3D8 /* Base */ = {isa = PBXFileReference; lastKnownFileType = file.storyboard; name = Base; path = Base.lproj/Main.storyboard; sourceTree = "<group>"; };
		18E4202124D10F5000D1E3D8 /* Assets.xcassets */ = {isa = PBXFileReference; lastKnownFileType = folder.assetcatalog; path = Assets.xcassets; sourceTree = "<group>"; };
		18E4202424D10F5000D1E3D8 /* Base */ = {isa = PBXFileReference; lastKnownFileType = file.storyboard; name = Base; path = Base.lproj/LaunchScreen.storyboard; sourceTree = "<group>"; };
		18E4202624D10F5000D1E3D8 /* Info.plist */ = {isa = PBXFileReference; lastKnownFileType = text.plist.xml; path = Info.plist; sourceTree = "<group>"; };
		18E4202724D10F5000D1E3D8 /* main.m */ = {isa = PBXFileReference; lastKnownFileType = sourcecode.c.objc; path = main.m; sourceTree = "<group>"; };
		18E4202E24D1104300D1E3D8 /* Macro.h */ = {isa = PBXFileReference; lastKnownFileType = sourcecode.c.h; path = Macro.h; sourceTree = "<group>"; };
		18E4203224D1134F00D1E3D8 /* AsyncConViewController.h */ = {isa = PBXFileReference; lastKnownFileType = sourcecode.c.h; path = AsyncConViewController.h; sourceTree = "<group>"; };
		18E4203324D1134F00D1E3D8 /* AsyncConViewController.m */ = {isa = PBXFileReference; lastKnownFileType = sourcecode.c.objc; path = AsyncConViewController.m; sourceTree = "<group>"; };
		18E4203524D1139600D1E3D8 /* ProgressView.h */ = {isa = PBXFileReference; lastKnownFileType = sourcecode.c.h; path = ProgressView.h; sourceTree = "<group>"; };
		18E4203624D1139600D1E3D8 /* ProgressView.m */ = {isa = PBXFileReference; lastKnownFileType = sourcecode.c.objc; path = ProgressView.m; sourceTree = "<group>"; };
		18E4203B24D1260E00D1E3D8 /* SegmentedControl.h */ = {isa = PBXFileReference; fileEncoding = 4; lastKnownFileType = sourcecode.c.h; path = SegmentedControl.h; sourceTree = "<group>"; };
		18E4203C24D1260E00D1E3D8 /* SegmentedControl.m */ = {isa = PBXFileReference; fileEncoding = 4; lastKnownFileType = sourcecode.c.objc; path = SegmentedControl.m; sourceTree = "<group>"; };
		18E4203E24D158D800D1E3D8 /* BarrierViewController.h */ = {isa = PBXFileReference; lastKnownFileType = sourcecode.c.h; path = BarrierViewController.h; sourceTree = "<group>"; };
		18E4203F24D158D800D1E3D8 /* BarrierViewController.m */ = {isa = PBXFileReference; lastKnownFileType = sourcecode.c.objc; path = BarrierViewController.m; sourceTree = "<group>"; };
		18E4204524D15E1100D1E3D8 /* GroupNotifyViewController.h */ = {isa = PBXFileReference; lastKnownFileType = sourcecode.c.h; path = GroupNotifyViewController.h; sourceTree = "<group>"; };
		18E4204624D15E1100D1E3D8 /* GroupNotifyViewController.m */ = {isa = PBXFileReference; lastKnownFileType = sourcecode.c.objc; path = GroupNotifyViewController.m; sourceTree = "<group>"; };
		18E4204824D161C700D1E3D8 /* GroupWaitViewController.h */ = {isa = PBXFileReference; lastKnownFileType = sourcecode.c.h; path = GroupWaitViewController.h; sourceTree = "<group>"; };
		18E4204924D161C700D1E3D8 /* GroupWaitViewController.m */ = {isa = PBXFileReference; lastKnownFileType = sourcecode.c.objc; path = GroupWaitViewController.m; sourceTree = "<group>"; };
		18E4204B24D1635600D1E3D8 /* SemaphoreViewController.h */ = {isa = PBXFileReference; lastKnownFileType = sourcecode.c.h; path = SemaphoreViewController.h; sourceTree = "<group>"; };
		18E4204C24D1635600D1E3D8 /* SemaphoreViewController.m */ = {isa = PBXFileReference; lastKnownFileType = sourcecode.c.objc; path = SemaphoreViewController.m; sourceTree = "<group>"; };
/* End PBXFileReference section */

/* Begin PBXFrameworksBuildPhase section */
		18E4200F24D10F4E00D1E3D8 /* Frameworks */ = {
			isa = PBXFrameworksBuildPhase;
			buildActionMask = 2147483647;
			files = (
			);
			runOnlyForDeploymentPostprocessing = 0;
		};
/* End PBXFrameworksBuildPhase section */

/* Begin PBXGroup section */
		1824ED3124D3EE6B000A6053 /* Runtime */ = {
			isa = PBXGroup;
			children = (
				1824ED3224D3EE7B000A6053 /* RuntimeViewController.h */,
				1824ED3324D3EE7B000A6053 /* RuntimeViewController.m */,
				1824ED3624D3EEBD000A6053 /* TextViewController.h */,
				1824ED3724D3EEBD000A6053 /* TextViewController.m */,
				1824ED3A24D3F09D000A6053 /* RunloopViewController.h */,
				1824ED3B24D3F09D000A6053 /* RunloopViewController.m */,
			);
			path = Runtime;
			sourceTree = "<group>";
		};
		18E4200924D10F4E00D1E3D8 = {
			isa = PBXGroup;
			children = (
				18E4201424D10F4E00D1E3D8 /* GCD_Demo */,
				18E4201324D10F4E00D1E3D8 /* Products */,
			);
			sourceTree = "<group>";
		};
		18E4201324D10F4E00D1E3D8 /* Products */ = {
			isa = PBXGroup;
			children = (
				18E4201224D10F4E00D1E3D8 /* GCD_Demo.app */,
			);
			name = Products;
			sourceTree = "<group>";
		};
		18E4201424D10F4E00D1E3D8 /* GCD_Demo */ = {
			isa = PBXGroup;
			children = (
				18E4201524D10F4E00D1E3D8 /* AppDelegate.h */,
				18E4201624D10F4E00D1E3D8 /* AppDelegate.m */,
				18E4201824D10F4E00D1E3D8 /* SceneDelegate.h */,
				18E4201924D10F4E00D1E3D8 /* SceneDelegate.m */,
				18E4202E24D1104300D1E3D8 /* Macro.h */,
				18E4201B24D10F4E00D1E3D8 /* ViewController.h */,
				18E4201C24D10F4E00D1E3D8 /* ViewController.m */,
				1824ED3124D3EE6B000A6053 /* Runtime */,
				18E4204424D15DFF00D1E3D8 /* View */,
				18E4203124D1130D00D1E3D8 /* GCD */,
				18E4202624D10F5000D1E3D8 /* Info.plist */,
				18E4203024D1125C00D1E3D8 /* Support */,
			);
			path = GCD_Demo;
			sourceTree = "<group>";
		};
		18E4203024D1125C00D1E3D8 /* Support */ = {
			isa = PBXGroup;
			children = (
				18E4202724D10F5000D1E3D8 /* main.m */,
				18E4201E24D10F4E00D1E3D8 /* Main.storyboard */,
				18E4202124D10F5000D1E3D8 /* Assets.xcassets */,
				18E4202324D10F5000D1E3D8 /* LaunchScreen.storyboard */,
			);
			path = Support;
			sourceTree = "<group>";
		};
		18E4203124D1130D00D1E3D8 /* GCD */ = {
			isa = PBXGroup;
			children = (
				18E4203224D1134F00D1E3D8 /* AsyncConViewController.h */,
				18E4203324D1134F00D1E3D8 /* AsyncConViewController.m */,
				18E4203E24D158D800D1E3D8 /* BarrierViewController.h */,
				18E4203F24D158D800D1E3D8 /* BarrierViewController.m */,
				18E4204524D15E1100D1E3D8 /* GroupNotifyViewController.h */,
				18E4204624D15E1100D1E3D8 /* GroupNotifyViewController.m */,
				18E4204824D161C700D1E3D8 /* GroupWaitViewController.h */,
				18E4204924D161C700D1E3D8 /* GroupWaitViewController.m */,
				18E4204B24D1635600D1E3D8 /* SemaphoreViewController.h */,
				18E4204C24D1635600D1E3D8 /* SemaphoreViewController.m */,
				18039DF424D25CF700D73B50 /* AboutViewController.h */,
				18039DF524D25CF700D73B50 /* AboutViewController.m */,
			);
			path = GCD;
			sourceTree = "<group>";
		};
		18E4204424D15DFF00D1E3D8 /* View */ = {
			isa = PBXGroup;
			children = (
				18E4203524D1139600D1E3D8 /* ProgressView.h */,
				18E4203624D1139600D1E3D8 /* ProgressView.m */,
				18E4203B24D1260E00D1E3D8 /* SegmentedControl.h */,
				18E4203C24D1260E00D1E3D8 /* SegmentedControl.m */,
				18039DF724D25D8500D73B50 /* about.txt */,
				1824ED3524D3EE92000A6053 /* runtime.txt */,
				1824ED3924D3F083000A6053 /* runloop.txt */,
			);
			path = View;
			sourceTree = "<group>";
		};
/* End PBXGroup section */

/* Begin PBXNativeTarget section */
		18E4201124D10F4E00D1E3D8 /* GCD_Demo */ = {
			isa = PBXNativeTarget;
			buildConfigurationList = 18E4202B24D10F5000D1E3D8 /* Build configuration list for PBXNativeTarget "GCD_Demo" */;
			buildPhases = (
				18E4200E24D10F4E00D1E3D8 /* Sources */,
				18E4200F24D10F4E00D1E3D8 /* Frameworks */,
				18E4201024D10F4E00D1E3D8 /* Resources */,
			);
			buildRules = (
			);
			dependencies = (
			);
			name = GCD_Demo;
			productName = GCD_Demo;
			productReference = 18E4201224D10F4E00D1E3D8 /* GCD_Demo.app */;
			productType = "com.apple.product-type.application";
		};
/* End PBXNativeTarget section */

/* Begin PBXProject section */
		18E4200A24D10F4E00D1E3D8 /* Project object */ = {
			isa = PBXProject;
			attributes = {
				LastUpgradeCheck = 1150;
				ORGANIZATIONNAME = Hunter;
				TargetAttributes = {
					18E4201124D10F4E00D1E3D8 = {
						CreatedOnToolsVersion = 11.5;
					};
				};
			};
			buildConfigurationList = 18E4200D24D10F4E00D1E3D8 /* Build configuration list for PBXProject "GCD_Demo" */;
			compatibilityVersion = "Xcode 9.3";
			developmentRegion = en;
			hasScannedForEncodings = 0;
			knownRegions = (
				en,
				Base,
			);
			mainGroup = 18E4200924D10F4E00D1E3D8;
			productRefGroup = 18E4201324D10F4E00D1E3D8 /* Products */;
			projectDirPath = "";
			projectRoot = "";
			targets = (
				18E4201124D10F4E00D1E3D8 /* GCD_Demo */,
			);
		};
/* End PBXProject section */

/* Begin PBXResourcesBuildPhase section */
		18E4201024D10F4E00D1E3D8 /* Resources */ = {
			isa = PBXResourcesBuildPhase;
			buildActionMask = 2147483647;
			files = (
				1824ED3E24D3F0E1000A6053 /* runtime.txt in Resources */,
				1824ED3D24D3F0DB000A6053 /* runloop.txt in Resources */,
				18039DF824D25E4500D73B50 /* about.txt in Resources */,
				18E4202524D10F5000D1E3D8 /* LaunchScreen.storyboard in Resources */,
				18E4202224D10F5000D1E3D8 /* Assets.xcassets in Resources */,
				18E4202024D10F4E00D1E3D8 /* Main.storyboard in Resources */,
			);
			runOnlyForDeploymentPostprocessing = 0;
		};
/* End PBXResourcesBuildPhase section */

/* Begin PBXSourcesBuildPhase section */
		18E4200E24D10F4E00D1E3D8 /* Sources */ = {
			isa = PBXSourcesBuildPhase;
			buildActionMask = 2147483647;
			files = (
				18E4204024D158D800D1E3D8 /* BarrierViewController.m in Sources */,
				18E4201D24D10F4E00D1E3D8 /* ViewController.m in Sources */,
				1824ED3C24D3F09D000A6053 /* RunloopViewController.m in Sources */,
				18E4203D24D1260F00D1E3D8 /* SegmentedControl.m in Sources */,
				18E4201724D10F4E00D1E3D8 /* AppDelegate.m in Sources */,
				18E4202824D10F5000D1E3D8 /* main.m in Sources */,
				18E4201A24D10F4E00D1E3D8 /* SceneDelegate.m in Sources */,
				18039DF624D25CF800D73B50 /* AboutViewController.m in Sources */,
				1824ED3424D3EE7B000A6053 /* RuntimeViewController.m in Sources */,
				18E4204D24D1635600D1E3D8 /* SemaphoreViewController.m in Sources */,
				1824ED3824D3EEBD000A6053 /* TextViewController.m in Sources */,
				18E4203424D1134F00D1E3D8 /* AsyncConViewController.m in Sources */,
				18E4204724D15E1100D1E3D8 /* GroupNotifyViewController.m in Sources */,
				18E4203724D1139600D1E3D8 /* ProgressView.m in Sources */,
				18E4204A24D161C700D1E3D8 /* GroupWaitViewController.m in Sources */,
			);
			runOnlyForDeploymentPostprocessing = 0;
		};
/* End PBXSourcesBuildPhase section */

/* Begin PBXVariantGroup section */
		18E4201E24D10F4E00D1E3D8 /* Main.storyboard */ = {
			isa = PBXVariantGroup;
			children = (
				18E4201F24D10F4E00D1E3D8 /* Base */,
			);
			name = Main.storyboard;
			sourceTree = "<group>";
		};
		18E4202324D10F5000D1E3D8 /* LaunchScreen.storyboard */ = {
			isa = PBXVariantGroup;
			children = (
				18E4202424D10F5000D1E3D8 /* Base */,
			);
			name = LaunchScreen.storyboard;
			sourceTree = "<group>";
		};
/* End PBXVariantGroup section */

/* Begin XCBuildConfiguration section */
		18E4202924D10F5000D1E3D8 /* Debug */ = {
			isa = XCBuildConfiguration;
			buildSettings = {
				ALWAYS_SEARCH_USER_PATHS = NO;
				CLANG_ANALYZER_NONNULL = YES;
				CLANG_ANALYZER_NUMBER_OBJECT_CONVERSION = YES_AGGRESSIVE;
				CLANG_CXX_LANGUAGE_STANDARD = "gnu++14";
				CLANG_CXX_LIBRARY = "libc++";
				CLANG_ENABLE_MODULES = YES;
				CLANG_ENABLE_OBJC_ARC = YES;
				CLANG_ENABLE_OBJC_WEAK = YES;
				CLANG_WARN_BLOCK_CAPTURE_AUTORELEASING = YES;
				CLANG_WARN_BOOL_CONVERSION = YES;
				CLANG_WARN_COMMA = YES;
				CLANG_WARN_CONSTANT_CONVERSION = YES;
				CLANG_WARN_DEPRECATED_OBJC_IMPLEMENTATIONS = YES;
				CLANG_WARN_DIRECT_OBJC_ISA_USAGE = YES_ERROR;
				CLANG_WARN_DOCUMENTATION_COMMENTS = YES;
				CLANG_WARN_EMPTY_BODY = YES;
				CLANG_WARN_ENUM_CONVERSION = YES;
				CLANG_WARN_INFINITE_RECURSION = YES;
				CLANG_WARN_INT_CONVERSION = YES;
				CLANG_WARN_NON_LITERAL_NULL_CONVERSION = YES;
				CLANG_WARN_OBJC_IMPLICIT_RETAIN_SELF = YES;
				CLANG_WARN_OBJC_LITERAL_CONVERSION = YES;
				CLANG_WARN_OBJC_ROOT_CLASS = YES_ERROR;
				CLANG_WARN_RANGE_LOOP_ANALYSIS = YES;
				CLANG_WARN_STRICT_PROTOTYPES = YES;
				CLANG_WARN_SUSPICIOUS_MOVE = YES;
				CLANG_WARN_UNGUARDED_AVAILABILITY = YES_AGGRESSIVE;
				CLANG_WARN_UNREACHABLE_CODE = YES;
				CLANG_WARN__DUPLICATE_METHOD_MATCH = YES;
				COPY_PHASE_STRIP = NO;
				DEBUG_INFORMATION_FORMAT = dwarf;
				ENABLE_STRICT_OBJC_MSGSEND = YES;
				ENABLE_TESTABILITY = YES;
				GCC_C_LANGUAGE_STANDARD = gnu11;
				GCC_DYNAMIC_NO_PIC = NO;
				GCC_NO_COMMON_BLOCKS = YES;
				GCC_OPTIMIZATION_LEVEL = 0;
				GCC_PREPROCESSOR_DEFINITIONS = (
					"DEBUG=1",
					"$(inherited)",
				);
				GCC_WARN_64_TO_32_BIT_CONVERSION = YES;
				GCC_WARN_ABOUT_RETURN_TYPE = YES_ERROR;
				GCC_WARN_UNDECLARED_SELECTOR = YES;
				GCC_WARN_UNINITIALIZED_AUTOS = YES_AGGRESSIVE;
				GCC_WARN_UNUSED_FUNCTION = YES;
				GCC_WARN_UNUSED_VARIABLE = YES;
				IPHONEOS_DEPLOYMENT_TARGET = 13.5;
				MTL_ENABLE_DEBUG_INFO = INCLUDE_SOURCE;
				MTL_FAST_MATH = YES;
				ONLY_ACTIVE_ARCH = YES;
				SDKROOT = iphoneos;
			};
			name = Debug;
		};
		18E4202A24D10F5000D1E3D8 /* Release */ = {
			isa = XCBuildConfiguration;
			buildSettings = {
				ALWAYS_SEARCH_USER_PATHS = NO;
				CLANG_ANALYZER_NONNULL = YES;
				CLANG_ANALYZER_NUMBER_OBJECT_CONVERSION = YES_AGGRESSIVE;
				CLANG_CXX_LANGUAGE_STANDARD = "gnu++14";
				CLANG_CXX_LIBRARY = "libc++";
				CLANG_ENABLE_MODULES = YES;
				CLANG_ENABLE_OBJC_ARC = YES;
				CLANG_ENABLE_OBJC_WEAK = YES;
				CLANG_WARN_BLOCK_CAPTURE_AUTORELEASING = YES;
				CLANG_WARN_BOOL_CONVERSION = YES;
				CLANG_WARN_COMMA = YES;
				CLANG_WARN_CONSTANT_CONVERSION = YES;
				CLANG_WARN_DEPRECATED_OBJC_IMPLEMENTATIONS = YES;
				CLANG_WARN_DIRECT_OBJC_ISA_USAGE = YES_ERROR;
				CLANG_WARN_DOCUMENTATION_COMMENTS = YES;
				CLANG_WARN_EMPTY_BODY = YES;
				CLANG_WARN_ENUM_CONVERSION = YES;
				CLANG_WARN_INFINITE_RECURSION = YES;
				CLANG_WARN_INT_CONVERSION = YES;
				CLANG_WARN_NON_LITERAL_NULL_CONVERSION = YES;
				CLANG_WARN_OBJC_IMPLICIT_RETAIN_SELF = YES;
				CLANG_WARN_OBJC_LITERAL_CONVERSION = YES;
				CLANG_WARN_OBJC_ROOT_CLASS = YES_ERROR;
				CLANG_WARN_RANGE_LOOP_ANALYSIS = YES;
				CLANG_WARN_STRICT_PROTOTYPES = YES;
				CLANG_WARN_SUSPICIOUS_MOVE = YES;
				CLANG_WARN_UNGUARDED_AVAILABILITY = YES_AGGRESSIVE;
				CLANG_WARN_UNREACHABLE_CODE = YES;
				CLANG_WARN__DUPLICATE_METHOD_MATCH = YES;
				COPY_PHASE_STRIP = NO;
				DEBUG_INFORMATION_FORMAT = "dwarf-with-dsym";
				ENABLE_NS_ASSERTIONS = NO;
				ENABLE_STRICT_OBJC_MSGSEND = YES;
				GCC_C_LANGUAGE_STANDARD = gnu11;
				GCC_NO_COMMON_BLOCKS = YES;
				GCC_WARN_64_TO_32_BIT_CONVERSION = YES;
				GCC_WARN_ABOUT_RETURN_TYPE = YES_ERROR;
				GCC_WARN_UNDECLARED_SELECTOR = YES;
				GCC_WARN_UNINITIALIZED_AUTOS = YES_AGGRESSIVE;
				GCC_WARN_UNUSED_FUNCTION = YES;
				GCC_WARN_UNUSED_VARIABLE = YES;
				IPHONEOS_DEPLOYMENT_TARGET = 13.5;
				MTL_ENABLE_DEBUG_INFO = NO;
				MTL_FAST_MATH = YES;
				SDKROOT = iphoneos;
				VALIDATE_PRODUCT = YES;
			};
			name = Release;
		};
		18E4202C24D10F5000D1E3D8 /* Debug */ = {
			isa = XCBuildConfiguration;
			buildSettings = {
				ASSETCATALOG_COMPILER_APPICON_NAME = AppIcon;
				CODE_SIGN_STYLE = Automatic;
				DEVELOPMENT_TEAM = T2P4D32D4N;
				INFOPLIST_FILE = GCD_Demo/Info.plist;
				IPHONEOS_DEPLOYMENT_TARGET = 10.0;
				LD_RUNPATH_SEARCH_PATHS = (
					"$(inherited)",
					"@executable_path/Frameworks",
				);
				PRODUCT_BUNDLE_IDENTIFIER = "com.hunter.GCD-Demo";
				PRODUCT_NAME = "$(TARGET_NAME)";
				TARGETED_DEVICE_FAMILY = 1;
			};
			name = Debug;
		};
		18E4202D24D10F5000D1E3D8 /* Release */ = {
			isa = XCBuildConfiguration;
			buildSettings = {
				ASSETCATALOG_COMPILER_APPICON_NAME = AppIcon;
				CODE_SIGN_STYLE = Automatic;
				DEVELOPMENT_TEAM = T2P4D32D4N;
				INFOPLIST_FILE = GCD_Demo/Info.plist;
				IPHONEOS_DEPLOYMENT_TARGET = 10.0;
				LD_RUNPATH_SEARCH_PATHS = (
					"$(inherited)",
					"@executable_path/Frameworks",
				);
				PRODUCT_BUNDLE_IDENTIFIER = "com.hunter.GCD-Demo";
				PRODUCT_NAME = "$(TARGET_NAME)";
				TARGETED_DEVICE_FAMILY = 1;
			};
			name = Release;
		};
/* End XCBuildConfiguration section */

/* Begin XCConfigurationList section */
		18E4200D24D10F4E00D1E3D8 /* Build configuration list for PBXProject "GCD_Demo" */ = {
			isa = XCConfigurationList;
			buildConfigurations = (
				18E4202924D10F5000D1E3D8 /* Debug */,
				18E4202A24D10F5000D1E3D8 /* Release */,
			);
			defaultConfigurationIsVisible = 0;
			defaultConfigurationName = Release;
		};
		18E4202B24D10F5000D1E3D8 /* Build configuration list for PBXNativeTarget "GCD_Demo" */ = {
			isa = XCConfigurationList;
			buildConfigurations = (
				18E4202C24D10F5000D1E3D8 /* Debug */,
				18E4202D24D10F5000D1E3D8 /* Release */,
			);
			defaultConfigurationIsVisible = 0;
			defaultConfigurationName = Release;
		};
/* End XCConfigurationList section */
	};
	rootObject = 18E4200A24D10F4E00D1E3D8 /* Project object */;
}
